
Microsoft Visual Studio Solution File, Format Version 12.00
# Visual Studio Version 17
VisualStudioVersion = 17.0.31903.59
MinimumVisualStudioVersion = 10.0.40219.1
Project("{FAE04EC0-301F-11D3-BF4B-00C04F79EFBC}") = "DDDProject.Domain", "DDDProject.Domain\DDDProject.Domain.csproj", "{0CFD85DC-FD04-4D5A-994D-0C05C986106E}"
EndProject
Project("{FAE04EC0-301F-11D3-BF4B-00C04F79EFBC}") = "DDDProject.Application", "DDDProject.Application\DDDProject.Application.csproj", "{3CB45DA8-9BF1-4D66-B679-115EC41EC5BE}"
EndProject
Project("{FAE04EC0-301F-11D3-BF4B-00C04F79EFBC}") = "DDDProject.Infrastructure", "DDDProject.Infrastructure\DDDProject.Infrastructure.csproj", "{12187673-6C5F-44A3-83ED-C68A49538B71}"
EndProject
Project("{FAE04EC0-301F-11D3-BF4B-00C04F79EFBC}") = "DDDProject.API", "DDDProject.API\DDDProject.API.csproj", "{236821D4-98FC-4F56-8B73-5F30D1C1CB1B}"
EndProject
Global
	GlobalSection(SolutionConfigurationPlatforms) = preSolution
		Debug|Any CPU = Debug|Any CPU
		Release|Any CPU = Release|Any CPU
	EndGlobalSection
	GlobalSection(SolutionProperties) = preSolution
		HideSolutionNode = FALSE
	EndGlobalSection
	GlobalSection(ProjectConfigurationPlatforms) = postSolution
		{0CFD85DC-FD04-4D5A-994D-0C05C986106E}.Debug|Any CPU.ActiveCfg = Debug|Any CPU
		{0CFD85DC-FD04-4D5A-994D-0C05C986106E}.Debug|Any CPU.Build.0 = Debug|Any CPU
		{0CFD85DC-FD04-4D5A-994D-0C05C986106E}.Release|Any CPU.ActiveCfg = Release|Any CPU
		{0CFD85DC-FD04-4D5A-994D-0C05C986106E}.Release|Any CPU.Build.0 = Release|Any CPU
		{3CB45DA8-9BF1-4D66-B679-115EC41EC5BE}.Debug|Any CPU.ActiveCfg = Debug|Any CPU
		{3CB45DA8-9BF1-4D66-B679-115EC41EC5BE}.Debug|Any CPU.Build.0 = Debug|Any CPU
		{3CB45DA8-9BF1-4D66-B679-115EC41EC5BE}.Release|Any CPU.ActiveCfg = Release|Any CPU
		{3CB45DA8-9BF1-4D66-B679-115EC41EC5BE}.Release|Any CPU.Build.0 = Release|Any CPU
		{12187673-6C5F-44A3-83ED-C68A49538B71}.Debug|Any CPU.ActiveCfg = Debug|Any CPU
		{12187673-6C5F-44A3-83ED-C68A49538B71}.Debug|Any CPU.Build.0 = Debug|Any CPU
		{12187673-6C5F-44A3-83ED-C68A49538B71}.Release|Any CPU.ActiveCfg = Release|Any CPU
		{12187673-6C5F-44A3-83ED-C68A49538B71}.Release|Any CPU.Build.0 = Release|Any CPU
		{236821D4-98FC-4F56-8B73-5F30D1C1CB1B}.Debug|Any CPU.ActiveCfg = Debug|Any CPU
		{236821D4-98FC-4F56-8B73-5F30D1C1CB1B}.Debug|Any CPU.Build.0 = Debug|Any CPU
		{236821D4-98FC-4F56-8B73-5F30D1C1CB1B}.Release|Any CPU.ActiveCfg = Release|Any CPU
		{236821D4-98FC-4F56-8B73-5F30D1C1CB1B}.Release|Any CPU.Build.0 = Release|Any CPU
	EndGlobalSection
EndGlobal
